# This file is automatically @generated by Cargo.
# It is not intended for manual editing.
version = 4

[[package]]
name = "flight-builder"
version = "0.1.0"
source = "git+https://github.com/purdue-orbital/flight-builder#31863ac64d6f3b9f8cafedf64ca07751ba5addb9"

[[package]]
name = "flight-computer"
version = "0.1.0"
dependencies = [
 "flight-builder",
]
